
Microsoft Visual Studio Solution File, Format Version 12.00
# Visual Studio 15
VisualStudioVersion = 15.0.27428.2037
MinimumVisualStudioVersion = 10.0.40219.1
Project("{FAE04EC0-301F-11D3-BF4B-00C04F79EFBC}") = "01. NameSelector", "EntryPoint\01. NameSelector.csproj", "{9813F568-3E90-4EB5-B08C-AC50D6CBCD44}"
EndProject
Project("{FAE04EC0-301F-11D3-BF4B-00C04F79EFBC}") = "02.ID Selectors", "ID Selectors\02.ID Selectors.csproj", "{158AF77A-523B-4F47-A139-08F1C3480969}"
EndProject
Global
	GlobalSection(SolutionConfigurationPlatforms) = preSolution
		Debug|Any CPU = Debug|Any CPU
		Release|Any CPU = Release|Any CPU
	EndGlobalSection
	GlobalSection(ProjectConfigurationPlatforms) = postSolution
		{9813F568-3E90-4EB5-B08C-AC50D6CBCD44}.Debug|Any CPU.ActiveCfg = Debug|Any CPU
		{9813F568-3E90-4EB5-B08C-AC50D6CBCD44}.Debug|Any CPU.Build.0 = Debug|Any CPU
		{9813F568-3E90-4EB5-B08C-AC50D6CBCD44}.Release|Any CPU.ActiveCfg = Release|Any CPU
		{9813F568-3E90-4EB5-B08C-AC50D6CBCD44}.Release|Any CPU.Build.0 = Release|Any CPU
		{158AF77A-523B-4F47-A139-08F1C3480969}.Debug|Any CPU.ActiveCfg = Debug|Any CPU
		{158AF77A-523B-4F47-A139-08F1C3480969}.Debug|Any CPU.Build.0 = Debug|Any CPU
		{158AF77A-523B-4F47-A139-08F1C3480969}.Release|Any CPU.ActiveCfg = Release|Any CPU
		{158AF77A-523B-4F47-A139-08F1C3480969}.Release|Any CPU.Build.0 = Release|Any CPU
	EndGlobalSection
	GlobalSection(SolutionProperties) = preSolution
		HideSolutionNode = FALSE
	EndGlobalSection
	GlobalSection(ExtensibilityGlobals) = postSolution
		SolutionGuid = {41A8CBE3-632A-4FC9-8983-22205B00D168}
	EndGlobalSection
EndGlobal
